
Microsoft Visual Studio Solution File, Format Version 12.00
# Visual Studio Express 2012 for Windows Desktop
Project("{8BC9CEB8-8B4A-11D0-8D11-00A0C91BC942}") = "lab3", "lab3\lab3.vcxproj", "{056E0484-B642-4656-A038-B7C270416DC7}"
EndProject
Global
	GlobalSection(SolutionConfigurationPlatforms) = preSolution
		Debug|Win32 = Debug|Win32
		Release|Win32 = Release|Win32
	EndGlobalSection
	GlobalSection(ProjectConfigurationPlatforms) = postSolution
		{056E0484-B642-4656-A038-B7C270416DC7}.Debug|Win32.ActiveCfg = Debug|Win32
		{056E0484-B642-4656-A038-B7C270416DC7}.Debug|Win32.Build.0 = Debug|Win32
		{056E0484-B642-4656-A038-B7C270416DC7}.Release|Win32.ActiveCfg = Release|Win32
		{056E0484-B642-4656-A038-B7C270416DC7}.Release|Win32.Build.0 = Release|Win32
	EndGlobalSection
	GlobalSection(SolutionProperties) = preSolution
		HideSolutionNode = FALSE
	EndGlobalSection
EndGlobal
