
Microsoft Visual Studio Solution File, Format Version 11.00
# Visual C++ Express 2010
Project("{8BC9CEB8-8B4A-11D0-8D11-00A0C91BC942}") = "main", "main\main.vcxproj", "{C11516FC-8213-4F13-8F22-A84434E7213B}"
EndProject
Project("{8BC9CEB8-8B4A-11D0-8D11-00A0C91BC942}") = "complex", "complex\complex.vcxproj", "{473D26BD-60C5-44BA-9457-4573DC5A4586}"
EndProject
Project("{8BC9CEB8-8B4A-11D0-8D11-00A0C91BC942}") = "io", "io\io.vcxproj", "{44F937B9-24C5-4618-88F0-9637E6A55529}"
EndProject
Project("{8BC9CEB8-8B4A-11D0-8D11-00A0C91BC942}") = "file_io", "file_io\file_io.vcxproj", "{72241F07-D29C-456A-BCEB-0DABBBB48FF6}"
EndProject
Global
	GlobalSection(SolutionConfigurationPlatforms) = preSolution
		Debug|Win32 = Debug|Win32
		Release|Win32 = Release|Win32
	EndGlobalSection
	GlobalSection(ProjectConfigurationPlatforms) = postSolution
		{C11516FC-8213-4F13-8F22-A84434E7213B}.Debug|Win32.ActiveCfg = Debug|Win32
		{C11516FC-8213-4F13-8F22-A84434E7213B}.Debug|Win32.Build.0 = Debug|Win32
		{C11516FC-8213-4F13-8F22-A84434E7213B}.Release|Win32.ActiveCfg = Release|Win32
		{C11516FC-8213-4F13-8F22-A84434E7213B}.Release|Win32.Build.0 = Release|Win32
		{473D26BD-60C5-44BA-9457-4573DC5A4586}.Debug|Win32.ActiveCfg = Debug|Win32
		{473D26BD-60C5-44BA-9457-4573DC5A4586}.Debug|Win32.Build.0 = Debug|Win32
		{473D26BD-60C5-44BA-9457-4573DC5A4586}.Release|Win32.ActiveCfg = Release|Win32
		{473D26BD-60C5-44BA-9457-4573DC5A4586}.Release|Win32.Build.0 = Release|Win32
		{44F937B9-24C5-4618-88F0-9637E6A55529}.Debug|Win32.ActiveCfg = Debug|Win32
		{44F937B9-24C5-4618-88F0-9637E6A55529}.Debug|Win32.Build.0 = Debug|Win32
		{44F937B9-24C5-4618-88F0-9637E6A55529}.Release|Win32.ActiveCfg = Release|Win32
		{44F937B9-24C5-4618-88F0-9637E6A55529}.Release|Win32.Build.0 = Release|Win32
		{72241F07-D29C-456A-BCEB-0DABBBB48FF6}.Debug|Win32.ActiveCfg = Debug|Win32
		{72241F07-D29C-456A-BCEB-0DABBBB48FF6}.Debug|Win32.Build.0 = Debug|Win32
		{72241F07-D29C-456A-BCEB-0DABBBB48FF6}.Release|Win32.ActiveCfg = Release|Win32
		{72241F07-D29C-456A-BCEB-0DABBBB48FF6}.Release|Win32.Build.0 = Release|Win32
	EndGlobalSection
	GlobalSection(SolutionProperties) = preSolution
		HideSolutionNode = FALSE
	EndGlobalSection
EndGlobal
